{
    "_meta": {
        "hash": {
            "sha256": "0a115340e413ddba91a47a745a81c2e8e07c61672e8edabea00fa85ecc2d6a22"
        },
        "pipfile-spec": 6,
        "requires": {
            "python_version": "3.6"
        },
        "sources": [
            {
                "name": "pypi",
                "url": "https://pypi.org/simple",
                "verify_ssl": true
            }
        ]
    },
    "default": {
        "joblib": {
            "hashes": [
                "sha256:698c311779f347cf6b7e6b8a39bb682277b8ee4aba8cf9507bc0cf4cd4737b72",
                "sha256:9e284edd6be6b71883a63c9b7f124738a3c16195513ad940eae7e3438de885d5"
            ],
            "index": "pypi",
            "version": "==0.17.0"
        }
    },
    "develop": {}
}
